
Microsoft Visual Studio Solution File, Format Version 12.00
# Visual Studio Version 16
VisualStudioVersion = 16.0.29411.108
MinimumVisualStudioVersion = 10.0.40219.1
Project("{FAE04EC0-301F-11D3-BF4B-00C04F79EFBC}") = "Maelstrom Engine", "Maelstrom Engine\Maelstrom Engine.csproj", "{E8714FEB-72E6-4FF3-A4F4-E78CE26D59D2}"
EndProject
Project("{FAE04EC0-301F-11D3-BF4B-00C04F79EFBC}") = "ModelConverter", "ModelConverter\ModelConverter.csproj", "{70B3FC9A-CD21-4409-91E4-68B01EF35D82}"
EndProject
Global
	GlobalSection(SolutionConfigurationPlatforms) = preSolution
		Debug|Any CPU = Debug|Any CPU
		Release|Any CPU = Release|Any CPU
	EndGlobalSection
	GlobalSection(ProjectConfigurationPlatforms) = postSolution
		{E8714FEB-72E6-4FF3-A4F4-E78CE26D59D2}.Debug|Any CPU.ActiveCfg = Debug|Any CPU
		{E8714FEB-72E6-4FF3-A4F4-E78CE26D59D2}.Debug|Any CPU.Build.0 = Debug|Any CPU
		{E8714FEB-72E6-4FF3-A4F4-E78CE26D59D2}.Release|Any CPU.ActiveCfg = Release|Any CPU
		{E8714FEB-72E6-4FF3-A4F4-E78CE26D59D2}.Release|Any CPU.Build.0 = Release|Any CPU
		{70B3FC9A-CD21-4409-91E4-68B01EF35D82}.Debug|Any CPU.ActiveCfg = Debug|Any CPU
		{70B3FC9A-CD21-4409-91E4-68B01EF35D82}.Debug|Any CPU.Build.0 = Debug|Any CPU
		{70B3FC9A-CD21-4409-91E4-68B01EF35D82}.Release|Any CPU.ActiveCfg = Release|Any CPU
		{70B3FC9A-CD21-4409-91E4-68B01EF35D82}.Release|Any CPU.Build.0 = Release|Any CPU
	EndGlobalSection
	GlobalSection(SolutionProperties) = preSolution
		HideSolutionNode = FALSE
	EndGlobalSection
	GlobalSection(ExtensibilityGlobals) = postSolution
		SolutionGuid = {ACFFAEF0-6B2D-4DFC-8DC3-F403C9D489EE}
	EndGlobalSection
EndGlobal
